
Microsoft Visual Studio Solution File, Format Version 12.00
# Visual Studio 14
VisualStudioVersion = 14.0.23107.0
MinimumVisualStudioVersion = 10.0.40219.1
Project("{FAE04EC0-301F-11D3-BF4B-00C04F79EFBC}") = "NeedBackup.Web", "NeedBackup.Web\NeedBackup.Web.csproj", "{49947706-88B9-4A2D-9144-949129352464}"
EndProject
Project("{FAE04EC0-301F-11D3-BF4B-00C04F79EFBC}") = "NeedBackup.Core", "NeedBackup.Core\NeedBackup.Core.csproj", "{D76E6396-FF13-4549-8297-4C7CD978592B}"
EndProject
Global
	GlobalSection(SolutionConfigurationPlatforms) = preSolution
		Debug|Any CPU = Debug|Any CPU
		Release|Any CPU = Release|Any CPU
	EndGlobalSection
	GlobalSection(ProjectConfigurationPlatforms) = postSolution
		{49947706-88B9-4A2D-9144-949129352464}.Debug|Any CPU.ActiveCfg = Debug|Any CPU
		{49947706-88B9-4A2D-9144-949129352464}.Debug|Any CPU.Build.0 = Debug|Any CPU
		{49947706-88B9-4A2D-9144-949129352464}.Release|Any CPU.ActiveCfg = Release|Any CPU
		{49947706-88B9-4A2D-9144-949129352464}.Release|Any CPU.Build.0 = Release|Any CPU
		{D76E6396-FF13-4549-8297-4C7CD978592B}.Debug|Any CPU.ActiveCfg = Debug|Any CPU
		{D76E6396-FF13-4549-8297-4C7CD978592B}.Debug|Any CPU.Build.0 = Debug|Any CPU
		{D76E6396-FF13-4549-8297-4C7CD978592B}.Release|Any CPU.ActiveCfg = Release|Any CPU
		{D76E6396-FF13-4549-8297-4C7CD978592B}.Release|Any CPU.Build.0 = Release|Any CPU
	EndGlobalSection
	GlobalSection(SolutionProperties) = preSolution
		HideSolutionNode = FALSE
	EndGlobalSection
EndGlobal
